{
  "name": "js",
  "lockfileVersion": 2,
  "requires": true,
  "packages": {
    "": {
      "dependencies": {
        "dialog-polyfill": "^0.5.6",
        "lit-html": "^2.0.2"
      }
    },
    "node_modules/@types/trusted-types": {
      "version": "2.0.2",
      "resolved": "https://registry.npmjs.org/@types/trusted-types/-/trusted-types-2.0.2.tgz",
      "integrity": "sha512-F5DIZ36YVLE+PN+Zwws4kJogq47hNgX3Nx6WyDJ3kcplxyke3XIzB8uK5n/Lpm1HBsbGzd6nmGehL8cPekP+Tg=="
    },
    "node_modules/dialog-polyfill": {
      "version": "0.5.6",
      "resolved": "https://registry.npmjs.org/dialog-polyfill/-/dialog-polyfill-0.5.6.tgz",
      "integrity": "sha512-ZbVDJI9uvxPAKze6z146rmfUZjBqNEwcnFTVamQzXH+svluiV7swmVIGr7miwADgfgt1G2JQIytypM9fbyhX4w=="
    },
    "node_modules/lit-html": {
      "version": "2.0.2",
      "resolved": "https://registry.npmjs.org/lit-html/-/lit-html-2.0.2.tgz",
      "integrity": "sha512-dON7Zg8btb14/fWohQLQBdSgkoiQA4mIUy87evmyJHtxRq7zS6LlC32bT5EPWiof5PUQaDpF45v2OlrxHA5Clg==",
      "dependencies": {
        "@types/trusted-types": "^2.0.2"
      }
    }
  },
  "dependencies": {
    "@types/trusted-types": {
      "version": "2.0.2",
      "resolved": "https://registry.npmjs.org/@types/trusted-types/-/trusted-types-2.0.2.tgz",
      "integrity": "sha512-F5DIZ36YVLE+PN+Zwws4kJogq47hNgX3Nx6WyDJ3kcplxyke3XIzB8uK5n/Lpm1HBsbGzd6nmGehL8cPekP+Tg=="
    },
    "dialog-polyfill": {
      "version": "0.5.6",
      "resolved": "https://registry.npmjs.org/dialog-polyfill/-/dialog-polyfill-0.5.6.tgz",
      "integrity": "sha512-ZbVDJI9uvxPAKze6z146rmfUZjBqNEwcnFTVamQzXH+svluiV7swmVIGr7miwADgfgt1G2JQIytypM9fbyhX4w=="
    },
    "lit-html": {
      "version": "2.0.2",
      "resolved": "https://registry.npmjs.org/lit-html/-/lit-html-2.0.2.tgz",
      "integrity": "sha512-dON7Zg8btb14/fWohQLQBdSgkoiQA4mIUy87evmyJHtxRq7zS6LlC32bT5EPWiof5PUQaDpF45v2OlrxHA5Clg==",
      "requires": {
        "@types/trusted-types": "^2.0.2"
      }
    }
  }
}
